// !$*UTF8*$!
{
	archiveVersion = 1;
	classes = {
	};
	objectVersion = 56;
	objects = {

/* Begin PBXBuildFile section */
		27D3FEA92BE645EA00457F3A /* DoktorappApp.swift in Sources */ = {isa = PBXBuildFile; fileRef = 27D3FEA82BE645EA00457F3A /* DoktorappApp.swift */; };
		27D3FEAB2BE645EA00457F3A /* ContentView.swift in Sources */ = {isa = PBXBuildFile; fileRef = 27D3FEAA2BE645EA00457F3A /* ContentView.swift */; };
		27D3FEAD2BE645EA00457F3A /* Item.swift in Sources */ = {isa = PBXBuildFile; fileRef = 27D3FEAC2BE645EA00457F3A /* Item.swift */; };
		27D3FEAF2BE645EC00457F3A /* Assets.xcassets in Resources */ = {isa = PBXBuildFile; fileRef = 27D3FEAE2BE645EC00457F3A /* Assets.xcassets */; };
		27D3FEB22BE645EC00457F3A /* Preview Assets.xcassets in Resources */ = {isa = PBXBuildFile; fileRef = 27D3FEB12BE645EC00457F3A /* Preview Assets.xcassets */; };
		27D3FEBC2BE645EC00457F3A /* DoktorappTests.swift in Sources */ = {isa = PBXBuildFile; fileRef = 27D3FEBB2BE645EC00457F3A /* DoktorappTests.swift */; };
		27D3FEC62BE645EC00457F3A /* DoktorappUITests.swift in Sources */ = {isa = PBXBuildFile; fileRef = 27D3FEC52BE645EC00457F3A /* DoktorappUITests.swift */; };
		27D3FEC82BE645EC00457F3A /* DoktorappUITestsLaunchTests.swift in Sources */ = {isa = PBXBuildFile; fileRef = 27D3FEC72BE645EC00457F3A /* DoktorappUITestsLaunchTests.swift */; };
/* End PBXBuildFile section */

/* Begin PBXContainerItemProxy section */
		27D3FEB82BE645EC00457F3A /* PBXContainerItemProxy */ = {
			isa = PBXContainerItemProxy;
			containerPortal = 27D3FE9D2BE645EA00457F3A /* Project object */;
			proxyType = 1;
			remoteGlobalIDString = 27D3FEA42BE645EA00457F3A;
			remoteInfo = Doktorapp;
		};
		27D3FEC22BE645EC00457F3A /* PBXContainerItemProxy */ = {
			isa = PBXContainerItemProxy;
			containerPortal = 27D3FE9D2BE645EA00457F3A /* Project object */;
			proxyType = 1;
			remoteGlobalIDString = 27D3FEA42BE645EA00457F3A;
			remoteInfo = Doktorapp;
		};
/* End PBXContainerItemProxy section */

/* Begin PBXFileReference section */
		27D3FEA52BE645EA00457F3A /* Doktorapp.app */ = {isa = PBXFileReference; explicitFileType = wrapper.application; includeInIndex = 0; path = Doktorapp.app; sourceTree = BUILT_PRODUCTS_DIR; };
		27D3FEA82BE645EA00457F3A /* DoktorappApp.swift */ = {isa = PBXFileReference; lastKnownFileType = sourcecode.swift; path = DoktorappApp.swift; sourceTree = "<group>"; };
		27D3FEAA2BE645EA00457F3A /* ContentView.swift */ = {isa = PBXFileReference; lastKnownFileType = sourcecode.swift; path = ContentView.swift; sourceTree = "<group>"; };
		27D3FEAC2BE645EA00457F3A /* Item.swift */ = {isa = PBXFileReference; lastKnownFileType = sourcecode.swift; path = Item.swift; sourceTree = "<group>"; };
		27D3FEAE2BE645EC00457F3A /* Assets.xcassets */ = {isa = PBXFileReference; lastKnownFileType = folder.assetcatalog; path = Assets.xcassets; sourceTree = "<group>"; };
		27D3FEB12BE645EC00457F3A /* Preview Assets.xcassets */ = {isa = PBXFileReference; lastKnownFileType = folder.assetcatalog; path = "Preview Assets.xcassets"; sourceTree = "<group>"; };
		27D3FEB72BE645EC00457F3A /* DoktorappTests.xctest */ = {isa = PBXFileReference; explicitFileType = wrapper.cfbundle; includeInIndex = 0; path = DoktorappTests.xctest; sourceTree = BUILT_PRODUCTS_DIR; };
		27D3FEBB2BE645EC00457F3A /* DoktorappTests.swift */ = {isa = PBXFileReference; lastKnownFileType = sourcecode.swift; path = DoktorappTests.swift; sourceTree = "<group>"; };
		27D3FEC12BE645EC00457F3A /* DoktorappUITests.xctest */ = {isa = PBXFileReference; explicitFileType = wrapper.cfbundle; includeInIndex = 0; path = DoktorappUITests.xctest; sourceTree = BUILT_PRODUCTS_DIR; };
		27D3FEC52BE645EC00457F3A /* DoktorappUITests.swift */ = {isa = PBXFileReference; lastKnownFileType = sourcecode.swift; path = DoktorappUITests.swift; sourceTree = "<group>"; };
		27D3FEC72BE645EC00457F3A /* DoktorappUITestsLaunchTests.swift */ = {isa = PBXFileReference; lastKnownFileType = sourcecode.swift; path = DoktorappUITestsLaunchTests.swift; sourceTree = "<group>"; };
/* End PBXFileReference section */

/* Begin PBXFrameworksBuildPhase section */
		27D3FEA22BE645EA00457F3A /* Frameworks */ = {
			isa = PBXFrameworksBuildPhase;
			buildActionMask = 2147483647;
			files = (
			);
			runOnlyForDeploymentPostprocessing = 0;
		};
		27D3FEB42BE645EC00457F3A /* Frameworks */ = {
			isa = PBXFrameworksBuildPhase;
			buildActionMask = 2147483647;
			files = (
			);
			runOnlyForDeploymentPostprocessing = 0;
		};
		27D3FEBE2BE645EC00457F3A /* Frameworks */ = {
			isa = PBXFrameworksBuildPhase;
			buildActionMask = 2147483647;
			files = (
			);
			runOnlyForDeploymentPostprocessing = 0;
		};
/* End PBXFrameworksBuildPhase section */

/* Begin PBXGroup section */
		27D3FE9C2BE645EA00457F3A = {
			isa = PBXGroup;
			children = (
				27D3FEA72BE645EA00457F3A /* Doktorapp */,
				27D3FEBA2BE645EC00457F3A /* DoktorappTests */,
				27D3FEC42BE645EC00457F3A /* DoktorappUITests */,
				27D3FEA62BE645EA00457F3A /* Products */,
			);
			sourceTree = "<group>";
		};
		27D3FEA62BE645EA00457F3A /* Products */ = {
			isa = PBXGroup;
			children = (
				27D3FEA52BE645EA00457F3A /* Doktorapp.app */,
				27D3FEB72BE645EC00457F3A /* DoktorappTests.xctest */,
				27D3FEC12BE645EC00457F3A /* DoktorappUITests.xctest */,
			);
			name = Products;
			sourceTree = "<group>";
		};
		27D3FEA72BE645EA00457F3A /* Doktorapp */ = {
			isa = PBXGroup;
			children = (
				27D3FEA82BE645EA00457F3A /* DoktorappApp.swift */,
				27D3FEAA2BE645EA00457F3A /* ContentView.swift */,
				27D3FEAC2BE645EA00457F3A /* Item.swift */,
				27D3FEAE2BE645EC00457F3A /* Assets.xcassets */,
				27D3FEB02BE645EC00457F3A /* Preview Content */,
			);
			path = Doktorapp;
			sourceTree = "<group>";
		};
		27D3FEB02BE645EC00457F3A /* Preview Content */ = {
			isa = PBXGroup;
			children = (
				27D3FEB12BE645EC00457F3A /* Preview Assets.xcassets */,
			);
			path = "Preview Content";
			sourceTree = "<group>";
		};
		27D3FEBA2BE645EC00457F3A /* DoktorappTests */ = {
			isa = PBXGroup;
			children = (
				27D3FEBB2BE645EC00457F3A /* DoktorappTests.swift */,
			);
			path = DoktorappTests;
			sourceTree = "<group>";
		};
		27D3FEC42BE645EC00457F3A /* DoktorappUITests */ = {
			isa = PBXGroup;
			children = (
				27D3FEC52BE645EC00457F3A /* DoktorappUITests.swift */,
				27D3FEC72BE645EC00457F3A /* DoktorappUITestsLaunchTests.swift */,
			);
			path = DoktorappUITests;
			sourceTree = "<group>";
		};
/* End PBXGroup section */

/* Begin PBXNativeTarget section */
		27D3FEA42BE645EA00457F3A /* Doktorapp */ = {
			isa = PBXNativeTarget;
			buildConfigurationList = 27D3FECB2BE645EC00457F3A /* Build configuration list for PBXNativeTarget "Doktorapp" */;
			buildPhases = (
				27D3FEA12BE645EA00457F3A /* Sources */,
				27D3FEA22BE645EA00457F3A /* Frameworks */,
				27D3FEA32BE645EA00457F3A /* Resources */,
			);
			buildRules = (
			);
			dependencies = (
			);
			name = Doktorapp;
			productName = Doktorapp;
			productReference = 27D3FEA52BE645EA00457F3A /* Doktorapp.app */;
			productType = "com.apple.product-type.application";
		};
		27D3FEB62BE645EC00457F3A /* DoktorappTests */ = {
			isa = PBXNativeTarget;
			buildConfigurationList = 27D3FECE2BE645EC00457F3A /* Build configuration list for PBXNativeTarget "DoktorappTests" */;
			buildPhases = (
				27D3FEB32BE645EC00457F3A /* Sources */,
				27D3FEB42BE645EC00457F3A /* Frameworks */,
				27D3FEB52BE645EC00457F3A /* Resources */,
			);
			buildRules = (
			);
			dependencies = (
				27D3FEB92BE645EC00457F3A /* PBXTargetDependency */,
			);
			name = DoktorappTests;
			productName = DoktorappTests;
			productReference = 27D3FEB72BE645EC00457F3A /* DoktorappTests.xctest */;
			productType = "com.apple.product-type.bundle.unit-test";
		};
		27D3FEC02BE645EC00457F3A /* DoktorappUITests */ = {
			isa = PBXNativeTarget;
			buildConfigurationList = 27D3FED12BE645EC00457F3A /* Build configuration list for PBXNativeTarget "DoktorappUITests" */;
			buildPhases = (
				27D3FEBD2BE645EC00457F3A /* Sources */,
				27D3FEBE2BE645EC00457F3A /* Frameworks */,
				27D3FEBF2BE645EC00457F3A /* Resources */,
			);
			buildRules = (
			);
			dependencies = (
				27D3FEC32BE645EC00457F3A /* PBXTargetDependency */,
			);
			name = DoktorappUITests;
			productName = DoktorappUITests;
			productReference = 27D3FEC12BE645EC00457F3A /* DoktorappUITests.xctest */;
			productType = "com.apple.product-type.bundle.ui-testing";
		};
/* End PBXNativeTarget section */

/* Begin PBXProject section */
		27D3FE9D2BE645EA00457F3A /* Project object */ = {
			isa = PBXProject;
			attributes = {
				BuildIndependentTargetsInParallel = 1;
				LastSwiftUpdateCheck = 1530;
				LastUpgradeCheck = 1530;
				TargetAttributes = {
					27D3FEA42BE645EA00457F3A = {
						CreatedOnToolsVersion = 15.3;
					};
					27D3FEB62BE645EC00457F3A = {
						CreatedOnToolsVersion = 15.3;
						TestTargetID = 27D3FEA42BE645EA00457F3A;
					};
					27D3FEC02BE645EC00457F3A = {
						CreatedOnToolsVersion = 15.3;
						TestTargetID = 27D3FEA42BE645EA00457F3A;
					};
				};
			};
			buildConfigurationList = 27D3FEA02BE645EA00457F3A /* Build configuration list for PBXProject "Doktorapp" */;
			compatibilityVersion = "Xcode 14.0";
			developmentRegion = en;
			hasScannedForEncodings = 0;
			knownRegions = (
				en,
				Base,
			);
			mainGroup = 27D3FE9C2BE645EA00457F3A;
			productRefGroup = 27D3FEA62BE645EA00457F3A /* Products */;
			projectDirPath = "";
			projectRoot = "";
			targets = (
				27D3FEA42BE645EA00457F3A /* Doktorapp */,
				27D3FEB62BE645EC00457F3A /* DoktorappTests */,
				27D3FEC02BE645EC00457F3A /* DoktorappUITests */,
			);
		};
/* End PBXProject section */

/* Begin PBXResourcesBuildPhase section */
		27D3FEA32BE645EA00457F3A /* Resources */ = {
			isa = PBXResourcesBuildPhase;
			buildActionMask = 2147483647;
			files = (
				27D3FEB22BE645EC00457F3A /* Preview Assets.xcassets in Resources */,
				27D3FEAF2BE645EC00457F3A /* Assets.xcassets in Resources */,
			);
			runOnlyForDeploymentPostprocessing = 0;
		};
		27D3FEB52BE645EC00457F3A /* Resources */ = {
			isa = PBXResourcesBuildPhase;
			buildActionMask = 2147483647;
			files = (
			);
			runOnlyForDeploymentPostprocessing = 0;
		};
		27D3FEBF2BE645EC00457F3A /* Resources */ = {
			isa = PBXResourcesBuildPhase;
			buildActionMask = 2147483647;
			files = (
			);
			runOnlyForDeploymentPostprocessing = 0;
		};
/* End PBXResourcesBuildPhase section */

/* Begin PBXSourcesBuildPhase section */
		27D3FEA12BE645EA00457F3A /* Sources */ = {
			isa = PBXSourcesBuildPhase;
			buildActionMask = 2147483647;
			files = (
				27D3FEAB2BE645EA00457F3A /* ContentView.swift in Sources */,
				27D3FEAD2BE645EA00457F3A /* Item.swift in Sources */,
				27D3FEA92BE645EA00457F3A /* DoktorappApp.swift in Sources */,
			);
			runOnlyForDeploymentPostprocessing = 0;
		};
		27D3FEB32BE645EC00457F3A /* Sources */ = {
			isa = PBXSourcesBuildPhase;
			buildActionMask = 2147483647;
			files = (
				27D3FEBC2BE645EC00457F3A /* DoktorappTests.swift in Sources */,
			);
			runOnlyForDeploymentPostprocessing = 0;
		};
		27D3FEBD2BE645EC00457F3A /* Sources */ = {
			isa = PBXSourcesBuildPhase;
			buildActionMask = 2147483647;
			files = (
				27D3FEC62BE645EC00457F3A /* DoktorappUITests.swift in Sources */,
				27D3FEC82BE645EC00457F3A /* DoktorappUITestsLaunchTests.swift in Sources */,
			);
			runOnlyForDeploymentPostprocessing = 0;
		};
/* End PBXSourcesBuildPhase section */

/* Begin PBXTargetDependency section */
		27D3FEB92BE645EC00457F3A /* PBXTargetDependency */ = {
			isa = PBXTargetDependency;
			target = 27D3FEA42BE645EA00457F3A /* Doktorapp */;
			targetProxy = 27D3FEB82BE645EC00457F3A /* PBXContainerItemProxy */;
		};
		27D3FEC32BE645EC00457F3A /* PBXTargetDependency */ = {
			isa = PBXTargetDependency;
			target = 27D3FEA42BE645EA00457F3A /* Doktorapp */;
			targetProxy = 27D3FEC22BE645EC00457F3A /* PBXContainerItemProxy */;
		};
/* End PBXTargetDependency section */

/* Begin XCBuildConfiguration section */
		27D3FEC92BE645EC00457F3A /* Debug */ = {
			isa = XCBuildConfiguration;
			buildSettings = {
				ALWAYS_SEARCH_USER_PATHS = NO;
				ASSETCATALOG_COMPILER_GENERATE_SWIFT_ASSET_SYMBOL_EXTENSIONS = YES;
				CLANG_ANALYZER_NONNULL = YES;
				CLANG_ANALYZER_NUMBER_OBJECT_CONVERSION = YES_AGGRESSIVE;
				CLANG_CXX_LANGUAGE_STANDARD = "gnu++20";
				CLANG_ENABLE_MODULES = YES;
				CLANG_ENABLE_OBJC_ARC = YES;
				CLANG_ENABLE_OBJC_WEAK = YES;
				CLANG_WARN_BLOCK_CAPTURE_AUTORELEASING = YES;
				CLANG_WARN_BOOL_CONVERSION = YES;
				CLANG_WARN_COMMA = YES;
				CLANG_WARN_CONSTANT_CONVERSION = YES;
				CLANG_WARN_DEPRECATED_OBJC_IMPLEMENTATIONS = YES;
				CLANG_WARN_DIRECT_OBJC_ISA_USAGE = YES_ERROR;
				CLANG_WARN_DOCUMENTATION_COMMENTS = YES;
				CLANG_WARN_EMPTY_BODY = YES;
				CLANG_WARN_ENUM_CONVERSION = YES;
				CLANG_WARN_INFINITE_RECURSION = YES;
				CLANG_WARN_INT_CONVERSION = YES;
				CLANG_WARN_NON_LITERAL_NULL_CONVERSION = YES;
				CLANG_WARN_OBJC_IMPLICIT_RETAIN_SELF = YES;
				CLANG_WARN_OBJC_LITERAL_CONVERSION = YES;
				CLANG_WARN_OBJC_ROOT_CLASS = YES_ERROR;
				CLANG_WARN_QUOTED_INCLUDE_IN_FRAMEWORK_HEADER = YES;
				CLANG_WARN_RANGE_LOOP_ANALYSIS = YES;
				CLANG_WARN_STRICT_PROTOTYPES = YES;
				CLANG_WARN_SUSPICIOUS_MOVE = YES;
				CLANG_WARN_UNGUARDED_AVAILABILITY = YES_AGGRESSIVE;
				CLANG_WARN_UNREACHABLE_CODE = YES;
				CLANG_WARN__DUPLICATE_METHOD_MATCH = YES;
				COPY_PHASE_STRIP = NO;
				DEBUG_INFORMATION_FORMAT = dwarf;
				ENABLE_STRICT_OBJC_MSGSEND = YES;
				ENABLE_TESTABILITY = YES;
				ENABLE_USER_SCRIPT_SANDBOXING = YES;
				GCC_C_LANGUAGE_STANDARD = gnu17;
				GCC_DYNAMIC_NO_PIC = NO;
				GCC_NO_COMMON_BLOCKS = YES;
				GCC_OPTIMIZATION_LEVEL = 0;
				GCC_PREPROCESSOR_DEFINITIONS = (
					"DEBUG=1",
					"$(inherited)",
				);
				GCC_WARN_64_TO_32_BIT_CONVERSION = YES;
				GCC_WARN_ABOUT_RETURN_TYPE = YES_ERROR;
				GCC_WARN_UNDECLARED_SELECTOR = YES;
				GCC_WARN_UNINITIALIZED_AUTOS = YES_AGGRESSIVE;
				GCC_WARN_UNUSED_FUNCTION = YES;
				GCC_WARN_UNUSED_VARIABLE = YES;
				IPHONEOS_DEPLOYMENT_TARGET = 17.4;
				LOCALIZATION_PREFERS_STRING_CATALOGS = YES;
				MTL_ENABLE_DEBUG_INFO = INCLUDE_SOURCE;
				MTL_FAST_MATH = YES;
				ONLY_ACTIVE_ARCH = YES;
				SDKROOT = iphoneos;
				SWIFT_ACTIVE_COMPILATION_CONDITIONS = "DEBUG $(inherited)";
				SWIFT_OPTIMIZATION_LEVEL = "-Onone";
			};
			name = Debug;
		};
		27D3FECA2BE645EC00457F3A /* Release */ = {
			isa = XCBuildConfiguration;
			buildSettings = {
				ALWAYS_SEARCH_USER_PATHS = NO;
				ASSETCATALOG_COMPILER_GENERATE_SWIFT_ASSET_SYMBOL_EXTENSIONS = YES;
				CLANG_ANALYZER_NONNULL = YES;
				CLANG_ANALYZER_NUMBER_OBJECT_CONVERSION = YES_AGGRESSIVE;
				CLANG_CXX_LANGUAGE_STANDARD = "gnu++20";
				CLANG_ENABLE_MODULES = YES;
				CLANG_ENABLE_OBJC_ARC = YES;
				CLANG_ENABLE_OBJC_WEAK = YES;
				CLANG_WARN_BLOCK_CAPTURE_AUTORELEASING = YES;
				CLANG_WARN_BOOL_CONVERSION = YES;
				CLANG_WARN_COMMA = YES;
				CLANG_WARN_CONSTANT_CONVERSION = YES;
				CLANG_WARN_DEPRECATED_OBJC_IMPLEMENTATIONS = YES;
				CLANG_WARN_DIRECT_OBJC_ISA_USAGE = YES_ERROR;
				CLANG_WARN_DOCUMENTATION_COMMENTS = YES;
				CLANG_WARN_EMPTY_BODY = YES;
				CLANG_WARN_ENUM_CONVERSION = YES;
				CLANG_WARN_INFINITE_RECURSION = YES;
				CLANG_WARN_INT_CONVERSION = YES;
				CLANG_WARN_NON_LITERAL_NULL_CONVERSION = YES;
				CLANG_WARN_OBJC_IMPLICIT_RETAIN_SELF = YES;
				CLANG_WARN_OBJC_LITERAL_CONVERSION = YES;
				CLANG_WARN_OBJC_ROOT_CLASS = YES_ERROR;
				CLANG_WARN_QUOTED_INCLUDE_IN_FRAMEWORK_HEADER = YES;
				CLANG_WARN_RANGE_LOOP_ANALYSIS = YES;
				CLANG_WARN_STRICT_PROTOTYPES = YES;
				CLANG_WARN_SUSPICIOUS_MOVE = YES;
				CLANG_WARN_UNGUARDED_AVAILABILITY = YES_AGGRESSIVE;
				CLANG_WARN_UNREACHABLE_CODE = YES;
				CLANG_WARN__DUPLICATE_METHOD_MATCH = YES;
				COPY_PHASE_STRIP = NO;
				DEBUG_INFORMATION_FORMAT = "dwarf-with-dsym";
				ENABLE_NS_ASSERTIONS = NO;
				ENABLE_STRICT_OBJC_MSGSEND = YES;
				ENABLE_USER_SCRIPT_SANDBOXING = YES;
				GCC_C_LANGUAGE_STANDARD = gnu17;
				GCC_NO_COMMON_BLOCKS = YES;
				GCC_WARN_64_TO_32_BIT_CONVERSION = YES;
				GCC_WARN_ABOUT_RETURN_TYPE = YES_ERROR;
				GCC_WARN_UNDECLARED_SELECTOR = YES;
				GCC_WARN_UNINITIALIZED_AUTOS = YES_AGGRESSIVE;
				GCC_WARN_UNUSED_FUNCTION = YES;
				GCC_WARN_UNUSED_VARIABLE = YES;
				IPHONEOS_DEPLOYMENT_TARGET = 17.4;
				LOCALIZATION_PREFERS_STRING_CATALOGS = YES;
				MTL_ENABLE_DEBUG_INFO = NO;
				MTL_FAST_MATH = YES;
				SDKROOT = iphoneos;
				SWIFT_COMPILATION_MODE = wholemodule;
				VALIDATE_PRODUCT = YES;
			};
			name = Release;
		};
		27D3FECC2BE645EC00457F3A /* Debug */ = {
			isa = XCBuildConfiguration;
			buildSettings = {
				ASSETCATALOG_COMPILER_APPICON_NAME = AppIcon;
				ASSETCATALOG_COMPILER_GLOBAL_ACCENT_COLOR_NAME = AccentColor;
				CODE_SIGN_STYLE = Automatic;
				CURRENT_PROJECT_VERSION = 1;
				DEVELOPMENT_ASSET_PATHS = "\"Doktorapp/Preview Content\"";
				ENABLE_PREVIEWS = YES;
				GENERATE_INFOPLIST_FILE = YES;
				INFOPLIST_KEY_UIApplicationSceneManifest_Generation = YES;
				INFOPLIST_KEY_UIApplicationSupportsIndirectInputEvents = YES;
				INFOPLIST_KEY_UILaunchScreen_Generation = YES;
				INFOPLIST_KEY_UISupportedInterfaceOrientations_iPad = "UIInterfaceOrientationPortrait UIInterfaceOrientationPortraitUpsideDown UIInterfaceOrientationLandscapeLeft UIInterfaceOrientationLandscapeRight";
				INFOPLIST_KEY_UISupportedInterfaceOrientations_iPhone = "UIInterfaceOrientationPortrait UIInterfaceOrientationLandscapeLeft UIInterfaceOrientationLandscapeRight";
				LD_RUNPATH_SEARCH_PATHS = (
					"$(inherited)",
					"@executable_path/Frameworks",
				);
				MARKETING_VERSION = 1.0;
				PRODUCT_BUNDLE_IDENTIFIER = com.Ksawery.Doktorapp;
				PRODUCT_NAME = "$(TARGET_NAME)";
				SWIFT_EMIT_LOC_STRINGS = YES;
				SWIFT_VERSION = 5.0;
				TARGETED_DEVICE_FAMILY = "1,2";
			};
			name = Debug;
		};
		27D3FECD2BE645EC00457F3A /* Release */ = {
			isa = XCBuildConfiguration;
			buildSettings = {
				ASSETCATALOG_COMPILER_APPICON_NAME = AppIcon;
				ASSETCATALOG_COMPILER_GLOBAL_ACCENT_COLOR_NAME = AccentColor;
				CODE_SIGN_STYLE = Automatic;
				CURRENT_PROJECT_VERSION = 1;
				DEVELOPMENT_ASSET_PATHS = "\"Doktorapp/Preview Content\"";
				ENABLE_PREVIEWS = YES;
				GENERATE_INFOPLIST_FILE = YES;
				INFOPLIST_KEY_UIApplicationSceneManifest_Generation = YES;
				INFOPLIST_KEY_UIApplicationSupportsIndirectInputEvents = YES;
				INFOPLIST_KEY_UILaunchScreen_Generation = YES;
				INFOPLIST_KEY_UISupportedInterfaceOrientations_iPad = "UIInterfaceOrientationPortrait UIInterfaceOrientationPortraitUpsideDown UIInterfaceOrientationLandscapeLeft UIInterfaceOrientationLandscapeRight";
				INFOPLIST_KEY_UISupportedInterfaceOrientations_iPhone = "UIInterfaceOrientationPortrait UIInterfaceOrientationLandscapeLeft UIInterfaceOrientationLandscapeRight";
				LD_RUNPATH_SEARCH_PATHS = (
					"$(inherited)",
					"@executable_path/Frameworks",
				);
				MARKETING_VERSION = 1.0;
				PRODUCT_BUNDLE_IDENTIFIER = com.Ksawery.Doktorapp;
				PRODUCT_NAME = "$(TARGET_NAME)";
				SWIFT_EMIT_LOC_STRINGS = YES;
				SWIFT_VERSION = 5.0;
				TARGETED_DEVICE_FAMILY = "1,2";
			};
			name = Release;
		};
		27D3FECF2BE645EC00457F3A /* Debug */ = {
			isa = XCBuildConfiguration;
			buildSettings = {
				ALWAYS_EMBED_SWIFT_STANDARD_LIBRARIES = YES;
				BUNDLE_LOADER = "$(TEST_HOST)";
				CODE_SIGN_STYLE = Automatic;
				CURRENT_PROJECT_VERSION = 1;
				GENERATE_INFOPLIST_FILE = YES;
				IPHONEOS_DEPLOYMENT_TARGET = 17.4;
				MARKETING_VERSION = 1.0;
				PRODUCT_BUNDLE_IDENTIFIER = com.Ksawery.DoktorappTests;
				PRODUCT_NAME = "$(TARGET_NAME)";
				SWIFT_EMIT_LOC_STRINGS = NO;
				SWIFT_VERSION = 5.0;
				TARGETED_DEVICE_FAMILY = "1,2";
				TEST_HOST = "$(BUILT_PRODUCTS_DIR)/Doktorapp.app/$(BUNDLE_EXECUTABLE_FOLDER_PATH)/Doktorapp";
			};
			name = Debug;
		};
		27D3FED02BE645EC00457F3A /* Release */ = {
			isa = XCBuildConfiguration;
			buildSettings = {
				ALWAYS_EMBED_SWIFT_STANDARD_LIBRARIES = YES;
				BUNDLE_LOADER = "$(TEST_HOST)";
				CODE_SIGN_STYLE = Automatic;
				CURRENT_PROJECT_VERSION = 1;
				GENERATE_INFOPLIST_FILE = YES;
				IPHONEOS_DEPLOYMENT_TARGET = 17.4;
				MARKETING_VERSION = 1.0;
				PRODUCT_BUNDLE_IDENTIFIER = com.Ksawery.DoktorappTests;
				PRODUCT_NAME = "$(TARGET_NAME)";
				SWIFT_EMIT_LOC_STRINGS = NO;
				SWIFT_VERSION = 5.0;
				TARGETED_DEVICE_FAMILY = "1,2";
				TEST_HOST = "$(BUILT_PRODUCTS_DIR)/Doktorapp.app/$(BUNDLE_EXECUTABLE_FOLDER_PATH)/Doktorapp";
			};
			name = Release;
		};
		27D3FED22BE645EC00457F3A /* Debug */ = {
			isa = XCBuildConfiguration;
			buildSettings = {
				ALWAYS_EMBED_SWIFT_STANDARD_LIBRARIES = YES;
				CODE_SIGN_STYLE = Automatic;
				CURRENT_PROJECT_VERSION = 1;
				GENERATE_INFOPLIST_FILE = YES;
				MARKETING_VERSION = 1.0;
				PRODUCT_BUNDLE_IDENTIFIER = com.Ksawery.DoktorappUITests;
				PRODUCT_NAME = "$(TARGET_NAME)";
				SWIFT_EMIT_LOC_STRINGS = NO;
				SWIFT_VERSION = 5.0;
				TARGETED_DEVICE_FAMILY = "1,2";
				TEST_TARGET_NAME = Doktorapp;
			};
			name = Debug;
		};
		27D3FED32BE645EC00457F3A /* Release */ = {
			isa = XCBuildConfiguration;
			buildSettings = {
				ALWAYS_EMBED_SWIFT_STANDARD_LIBRARIES = YES;
				CODE_SIGN_STYLE = Automatic;
				CURRENT_PROJECT_VERSION = 1;
				GENERATE_INFOPLIST_FILE = YES;
				MARKETING_VERSION = 1.0;
				PRODUCT_BUNDLE_IDENTIFIER = com.Ksawery.DoktorappUITests;
				PRODUCT_NAME = "$(TARGET_NAME)";
				SWIFT_EMIT_LOC_STRINGS = NO;
				SWIFT_VERSION = 5.0;
				TARGETED_DEVICE_FAMILY = "1,2";
				TEST_TARGET_NAME = Doktorapp;
			};
			name = Release;
		};
/* End XCBuildConfiguration section */

/* Begin XCConfigurationList section */
		27D3FEA02BE645EA00457F3A /* Build configuration list for PBXProject "Doktorapp" */ = {
			isa = XCConfigurationList;
			buildConfigurations = (
				27D3FEC92BE645EC00457F3A /* Debug */,
				27D3FECA2BE645EC00457F3A /* Release */,
			);
			defaultConfigurationIsVisible = 0;
			defaultConfigurationName = Release;
		};
		27D3FECB2BE645EC00457F3A /* Build configuration list for PBXNativeTarget "Doktorapp" */ = {
			isa = XCConfigurationList;
			buildConfigurations = (
				27D3FECC2BE645EC00457F3A /* Debug */,
				27D3FECD2BE645EC00457F3A /* Release */,
			);
			defaultConfigurationIsVisible = 0;
			defaultConfigurationName = Release;
		};
		27D3FECE2BE645EC00457F3A /* Build configuration list for PBXNativeTarget "DoktorappTests" */ = {
			isa = XCConfigurationList;
			buildConfigurations = (
				27D3FECF2BE645EC00457F3A /* Debug */,
				27D3FED02BE645EC00457F3A /* Release */,
			);
			defaultConfigurationIsVisible = 0;
			defaultConfigurationName = Release;
		};
		27D3FED12BE645EC00457F3A /* Build configuration list for PBXNativeTarget "DoktorappUITests" */ = {
			isa = XCConfigurationList;
			buildConfigurations = (
				27D3FED22BE645EC00457F3A /* Debug */,
				27D3FED32BE645EC00457F3A /* Release */,
			);
			defaultConfigurationIsVisible = 0;
			defaultConfigurationName = Release;
		};
/* End XCConfigurationList section */
	};
	rootObject = 27D3FE9D2BE645EA00457F3A /* Project object */;
}
